
Microsoft Visual Studio Solution File, Format Version 12.00
# Visual Studio Version 17
VisualStudioVersion = 17.0.31903.59
MinimumVisualStudioVersion = 10.0.40219.1
Project("{2150E333-8FDC-42A3-9474-1A3956D46DE8}") = "src", "src", "{827E0CD3-B72D-47B6-A68D-7590B98EB39B}"
EndProject
Project("{FAE04EC0-301F-11D3-BF4B-00C04F79EFBC}") = "EstherLink.Core", "src\EstherLink.Core\EstherLink.Core.csproj", "{B032CC39-8B52-44F6-8A82-645C05C220D4}"
EndProject
Project("{FAE04EC0-301F-11D3-BF4B-00C04F79EFBC}") = "EstherLink.Ipc", "src\EstherLink.Ipc\EstherLink.Ipc.csproj", "{8C0CAD95-BF37-4FF2-8980-A5ECC02FEB99}"
EndProject
Project("{FAE04EC0-301F-11D3-BF4B-00C04F79EFBC}") = "EstherLink.Service", "src\EstherLink.Service\EstherLink.Service.csproj", "{DCACB6AF-F08F-485A-B01A-FA1EEAF97DDB}"
EndProject
Project("{FAE04EC0-301F-11D3-BF4B-00C04F79EFBC}") = "EstherLink.UI", "src\EstherLink.UI\EstherLink.UI.csproj", "{9A37264E-346B-42CD-AC32-6CAC23F343F0}"
EndProject
Project("{FAE04EC0-301F-11D3-BF4B-00C04F79EFBC}") = "EstherLink.Backend.Contracts", "src\EstherLink.Backend.Contracts\EstherLink.Backend.Contracts.csproj", "{1D3C4D26-C58D-4C48-8AE8-35309DF63BED}"
EndProject
Project("{FAE04EC0-301F-11D3-BF4B-00C04F79EFBC}") = "EstherLink.Backend", "src\EstherLink.Backend\EstherLink.Backend.csproj", "{903A8E54-B5EA-42FC-85CA-AD32F5C9FAC2}"
EndProject
Project("{2150E333-8FDC-42A3-9474-1A3956D46DE8}") = "tests", "tests", "{0AB3BF05-4346-4AA6-1389-037BE0695223}"
EndProject
Project("{FAE04EC0-301F-11D3-BF4B-00C04F79EFBC}") = "EstherLink.Backend.IntegrationTests", "tests\EstherLink.Backend.IntegrationTests\EstherLink.Backend.IntegrationTests.csproj", "{625A8573-B893-404E-8EE2-7E14ED61F843}"
EndProject
Project("{FAE04EC0-301F-11D3-BF4B-00C04F79EFBC}") = "EstherLink.UI.Tests", "tests\EstherLink.UI.Tests\EstherLink.UI.Tests.csproj", "{A1B4DEB0-616D-4254-87C8-B5B9620EBB98}"
EndProject
Global
	GlobalSection(SolutionConfigurationPlatforms) = preSolution
		Debug|Any CPU = Debug|Any CPU
		Debug|x64 = Debug|x64
		Debug|x86 = Debug|x86
		Release|Any CPU = Release|Any CPU
		Release|x64 = Release|x64
		Release|x86 = Release|x86
	EndGlobalSection
	GlobalSection(ProjectConfigurationPlatforms) = postSolution
		{B032CC39-8B52-44F6-8A82-645C05C220D4}.Debug|Any CPU.ActiveCfg = Debug|Any CPU
		{B032CC39-8B52-44F6-8A82-645C05C220D4}.Debug|Any CPU.Build.0 = Debug|Any CPU
		{B032CC39-8B52-44F6-8A82-645C05C220D4}.Debug|x64.ActiveCfg = Debug|Any CPU
		{B032CC39-8B52-44F6-8A82-645C05C220D4}.Debug|x64.Build.0 = Debug|Any CPU
		{B032CC39-8B52-44F6-8A82-645C05C220D4}.Debug|x86.ActiveCfg = Debug|Any CPU
		{B032CC39-8B52-44F6-8A82-645C05C220D4}.Debug|x86.Build.0 = Debug|Any CPU
		{B032CC39-8B52-44F6-8A82-645C05C220D4}.Release|Any CPU.ActiveCfg = Release|Any CPU
		{B032CC39-8B52-44F6-8A82-645C05C220D4}.Release|Any CPU.Build.0 = Release|Any CPU
		{B032CC39-8B52-44F6-8A82-645C05C220D4}.Release|x64.ActiveCfg = Release|Any CPU
		{B032CC39-8B52-44F6-8A82-645C05C220D4}.Release|x64.Build.0 = Release|Any CPU
		{B032CC39-8B52-44F6-8A82-645C05C220D4}.Release|x86.ActiveCfg = Release|Any CPU
		{B032CC39-8B52-44F6-8A82-645C05C220D4}.Release|x86.Build.0 = Release|Any CPU
		{8C0CAD95-BF37-4FF2-8980-A5ECC02FEB99}.Debug|Any CPU.ActiveCfg = Debug|Any CPU
		{8C0CAD95-BF37-4FF2-8980-A5ECC02FEB99}.Debug|Any CPU.Build.0 = Debug|Any CPU
		{8C0CAD95-BF37-4FF2-8980-A5ECC02FEB99}.Debug|x64.ActiveCfg = Debug|Any CPU
		{8C0CAD95-BF37-4FF2-8980-A5ECC02FEB99}.Debug|x64.Build.0 = Debug|Any CPU
		{8C0CAD95-BF37-4FF2-8980-A5ECC02FEB99}.Debug|x86.ActiveCfg = Debug|Any CPU
		{8C0CAD95-BF37-4FF2-8980-A5ECC02FEB99}.Debug|x86.Build.0 = Debug|Any CPU
		{8C0CAD95-BF37-4FF2-8980-A5ECC02FEB99}.Release|Any CPU.ActiveCfg = Release|Any CPU
		{8C0CAD95-BF37-4FF2-8980-A5ECC02FEB99}.Release|Any CPU.Build.0 = Release|Any CPU
		{8C0CAD95-BF37-4FF2-8980-A5ECC02FEB99}.Release|x64.ActiveCfg = Release|Any CPU
		{8C0CAD95-BF37-4FF2-8980-A5ECC02FEB99}.Release|x64.Build.0 = Release|Any CPU
		{8C0CAD95-BF37-4FF2-8980-A5ECC02FEB99}.Release|x86.ActiveCfg = Release|Any CPU
		{8C0CAD95-BF37-4FF2-8980-A5ECC02FEB99}.Release|x86.Build.0 = Release|Any CPU
		{DCACB6AF-F08F-485A-B01A-FA1EEAF97DDB}.Debug|Any CPU.ActiveCfg = Debug|Any CPU
		{DCACB6AF-F08F-485A-B01A-FA1EEAF97DDB}.Debug|Any CPU.Build.0 = Debug|Any CPU
		{DCACB6AF-F08F-485A-B01A-FA1EEAF97DDB}.Debug|x64.ActiveCfg = Debug|Any CPU
		{DCACB6AF-F08F-485A-B01A-FA1EEAF97DDB}.Debug|x64.Build.0 = Debug|Any CPU
		{DCACB6AF-F08F-485A-B01A-FA1EEAF97DDB}.Debug|x86.ActiveCfg = Debug|Any CPU
		{DCACB6AF-F08F-485A-B01A-FA1EEAF97DDB}.Debug|x86.Build.0 = Debug|Any CPU
		{DCACB6AF-F08F-485A-B01A-FA1EEAF97DDB}.Release|Any CPU.ActiveCfg = Release|Any CPU
		{DCACB6AF-F08F-485A-B01A-FA1EEAF97DDB}.Release|Any CPU.Build.0 = Release|Any CPU
		{DCACB6AF-F08F-485A-B01A-FA1EEAF97DDB}.Release|x64.ActiveCfg = Release|Any CPU
		{DCACB6AF-F08F-485A-B01A-FA1EEAF97DDB}.Release|x64.Build.0 = Release|Any CPU
		{DCACB6AF-F08F-485A-B01A-FA1EEAF97DDB}.Release|x86.ActiveCfg = Release|Any CPU
		{DCACB6AF-F08F-485A-B01A-FA1EEAF97DDB}.Release|x86.Build.0 = Release|Any CPU
		{9A37264E-346B-42CD-AC32-6CAC23F343F0}.Debug|Any CPU.ActiveCfg = Debug|Any CPU
		{9A37264E-346B-42CD-AC32-6CAC23F343F0}.Debug|Any CPU.Build.0 = Debug|Any CPU
		{9A37264E-346B-42CD-AC32-6CAC23F343F0}.Debug|x64.ActiveCfg = Debug|Any CPU
		{9A37264E-346B-42CD-AC32-6CAC23F343F0}.Debug|x64.Build.0 = Debug|Any CPU
		{9A37264E-346B-42CD-AC32-6CAC23F343F0}.Debug|x86.ActiveCfg = Debug|Any CPU
		{9A37264E-346B-42CD-AC32-6CAC23F343F0}.Debug|x86.Build.0 = Debug|Any CPU
		{9A37264E-346B-42CD-AC32-6CAC23F343F0}.Release|Any CPU.ActiveCfg = Release|Any CPU
		{9A37264E-346B-42CD-AC32-6CAC23F343F0}.Release|Any CPU.Build.0 = Release|Any CPU
		{9A37264E-346B-42CD-AC32-6CAC23F343F0}.Release|x64.ActiveCfg = Release|Any CPU
		{9A37264E-346B-42CD-AC32-6CAC23F343F0}.Release|x64.Build.0 = Release|Any CPU
		{9A37264E-346B-42CD-AC32-6CAC23F343F0}.Release|x86.ActiveCfg = Release|Any CPU
		{9A37264E-346B-42CD-AC32-6CAC23F343F0}.Release|x86.Build.0 = Release|Any CPU
		{1D3C4D26-C58D-4C48-8AE8-35309DF63BED}.Debug|Any CPU.ActiveCfg = Debug|Any CPU
		{1D3C4D26-C58D-4C48-8AE8-35309DF63BED}.Debug|Any CPU.Build.0 = Debug|Any CPU
		{1D3C4D26-C58D-4C48-8AE8-35309DF63BED}.Debug|x64.ActiveCfg = Debug|Any CPU
		{1D3C4D26-C58D-4C48-8AE8-35309DF63BED}.Debug|x64.Build.0 = Debug|Any CPU
		{1D3C4D26-C58D-4C48-8AE8-35309DF63BED}.Debug|x86.ActiveCfg = Debug|Any CPU
		{1D3C4D26-C58D-4C48-8AE8-35309DF63BED}.Debug|x86.Build.0 = Debug|Any CPU
		{1D3C4D26-C58D-4C48-8AE8-35309DF63BED}.Release|Any CPU.ActiveCfg = Release|Any CPU
		{1D3C4D26-C58D-4C48-8AE8-35309DF63BED}.Release|Any CPU.Build.0 = Release|Any CPU
		{1D3C4D26-C58D-4C48-8AE8-35309DF63BED}.Release|x64.ActiveCfg = Release|Any CPU
		{1D3C4D26-C58D-4C48-8AE8-35309DF63BED}.Release|x64.Build.0 = Release|Any CPU
		{1D3C4D26-C58D-4C48-8AE8-35309DF63BED}.Release|x86.ActiveCfg = Release|Any CPU
		{1D3C4D26-C58D-4C48-8AE8-35309DF63BED}.Release|x86.Build.0 = Release|Any CPU
		{903A8E54-B5EA-42FC-85CA-AD32F5C9FAC2}.Debug|Any CPU.ActiveCfg = Debug|Any CPU
		{903A8E54-B5EA-42FC-85CA-AD32F5C9FAC2}.Debug|Any CPU.Build.0 = Debug|Any CPU
		{903A8E54-B5EA-42FC-85CA-AD32F5C9FAC2}.Debug|x64.ActiveCfg = Debug|Any CPU
		{903A8E54-B5EA-42FC-85CA-AD32F5C9FAC2}.Debug|x64.Build.0 = Debug|Any CPU
		{903A8E54-B5EA-42FC-85CA-AD32F5C9FAC2}.Debug|x86.ActiveCfg = Debug|Any CPU
		{903A8E54-B5EA-42FC-85CA-AD32F5C9FAC2}.Debug|x86.Build.0 = Debug|Any CPU
		{903A8E54-B5EA-42FC-85CA-AD32F5C9FAC2}.Release|Any CPU.ActiveCfg = Release|Any CPU
		{903A8E54-B5EA-42FC-85CA-AD32F5C9FAC2}.Release|Any CPU.Build.0 = Release|Any CPU
		{903A8E54-B5EA-42FC-85CA-AD32F5C9FAC2}.Release|x64.ActiveCfg = Release|Any CPU
		{903A8E54-B5EA-42FC-85CA-AD32F5C9FAC2}.Release|x64.Build.0 = Release|Any CPU
		{903A8E54-B5EA-42FC-85CA-AD32F5C9FAC2}.Release|x86.ActiveCfg = Release|Any CPU
		{903A8E54-B5EA-42FC-85CA-AD32F5C9FAC2}.Release|x86.Build.0 = Release|Any CPU
		{625A8573-B893-404E-8EE2-7E14ED61F843}.Debug|Any CPU.ActiveCfg = Debug|Any CPU
		{625A8573-B893-404E-8EE2-7E14ED61F843}.Debug|Any CPU.Build.0 = Debug|Any CPU
		{625A8573-B893-404E-8EE2-7E14ED61F843}.Debug|x64.ActiveCfg = Debug|Any CPU
		{625A8573-B893-404E-8EE2-7E14ED61F843}.Debug|x64.Build.0 = Debug|Any CPU
		{625A8573-B893-404E-8EE2-7E14ED61F843}.Debug|x86.ActiveCfg = Debug|Any CPU
		{625A8573-B893-404E-8EE2-7E14ED61F843}.Debug|x86.Build.0 = Debug|Any CPU
		{625A8573-B893-404E-8EE2-7E14ED61F843}.Release|Any CPU.ActiveCfg = Release|Any CPU
		{625A8573-B893-404E-8EE2-7E14ED61F843}.Release|Any CPU.Build.0 = Release|Any CPU
		{625A8573-B893-404E-8EE2-7E14ED61F843}.Release|x64.ActiveCfg = Release|Any CPU
		{625A8573-B893-404E-8EE2-7E14ED61F843}.Release|x64.Build.0 = Release|Any CPU
		{625A8573-B893-404E-8EE2-7E14ED61F843}.Release|x86.ActiveCfg = Release|Any CPU
		{625A8573-B893-404E-8EE2-7E14ED61F843}.Release|x86.Build.0 = Release|Any CPU
		{A1B4DEB0-616D-4254-87C8-B5B9620EBB98}.Debug|Any CPU.ActiveCfg = Debug|Any CPU
		{A1B4DEB0-616D-4254-87C8-B5B9620EBB98}.Debug|Any CPU.Build.0 = Debug|Any CPU
		{A1B4DEB0-616D-4254-87C8-B5B9620EBB98}.Debug|x64.ActiveCfg = Debug|Any CPU
		{A1B4DEB0-616D-4254-87C8-B5B9620EBB98}.Debug|x64.Build.0 = Debug|Any CPU
		{A1B4DEB0-616D-4254-87C8-B5B9620EBB98}.Debug|x86.ActiveCfg = Debug|Any CPU
		{A1B4DEB0-616D-4254-87C8-B5B9620EBB98}.Debug|x86.Build.0 = Debug|Any CPU
		{A1B4DEB0-616D-4254-87C8-B5B9620EBB98}.Release|Any CPU.ActiveCfg = Release|Any CPU
		{A1B4DEB0-616D-4254-87C8-B5B9620EBB98}.Release|Any CPU.Build.0 = Release|Any CPU
		{A1B4DEB0-616D-4254-87C8-B5B9620EBB98}.Release|x64.ActiveCfg = Release|Any CPU
		{A1B4DEB0-616D-4254-87C8-B5B9620EBB98}.Release|x64.Build.0 = Release|Any CPU
		{A1B4DEB0-616D-4254-87C8-B5B9620EBB98}.Release|x86.ActiveCfg = Release|Any CPU
		{A1B4DEB0-616D-4254-87C8-B5B9620EBB98}.Release|x86.Build.0 = Release|Any CPU
	EndGlobalSection
	GlobalSection(SolutionProperties) = preSolution
		HideSolutionNode = FALSE
	EndGlobalSection
	GlobalSection(NestedProjects) = preSolution
		{B032CC39-8B52-44F6-8A82-645C05C220D4} = {827E0CD3-B72D-47B6-A68D-7590B98EB39B}
		{8C0CAD95-BF37-4FF2-8980-A5ECC02FEB99} = {827E0CD3-B72D-47B6-A68D-7590B98EB39B}
		{DCACB6AF-F08F-485A-B01A-FA1EEAF97DDB} = {827E0CD3-B72D-47B6-A68D-7590B98EB39B}
		{9A37264E-346B-42CD-AC32-6CAC23F343F0} = {827E0CD3-B72D-47B6-A68D-7590B98EB39B}
		{1D3C4D26-C58D-4C48-8AE8-35309DF63BED} = {827E0CD3-B72D-47B6-A68D-7590B98EB39B}
		{903A8E54-B5EA-42FC-85CA-AD32F5C9FAC2} = {827E0CD3-B72D-47B6-A68D-7590B98EB39B}
		{625A8573-B893-404E-8EE2-7E14ED61F843} = {0AB3BF05-4346-4AA6-1389-037BE0695223}
		{A1B4DEB0-616D-4254-87C8-B5B9620EBB98} = {0AB3BF05-4346-4AA6-1389-037BE0695223}
	EndGlobalSection
EndGlobal
